
Microsoft Visual Studio Solution File, Format Version 12.00
Project("{FAE04EC0-301F-11D3-BF4B-00C04F79EFBC}") = "Application.Core", "Application.Core\Application.Core.csproj", "{7D119D3D-859D-437B-A834-AA28C63A3026}"
EndProject
Project("{FAE04EC0-301F-11D3-BF4B-00C04F79EFBC}") = "Application.API", "Application.API\Application.API.csproj", "{3152C1C6-93E6-4669-B319-2AADC228B739}"
EndProject
Project("{FAE04EC0-301F-11D3-BF4B-00C04F79EFBC}") = "Application.Infrastructure", "Application.Infrastructure\Application.Infrastructure.csproj", "{4CE352D2-1E7E-4BD9-9925-2DB21B99CE92}"
EndProject
Project("{FAE04EC0-301F-11D3-BF4B-00C04F79EFBC}") = "Application.Web", "Application.Web\Application.Web.csproj", "{FE9F79D3-D368-41E6-BBE3-6892AF2565BC}"
EndProject
Project("{FAE04EC0-301F-11D3-BF4B-00C04F79EFBC}") = "ConsoleApp1", "ConsoleApp1\ConsoleApp1.csproj", "{21CFF9D0-C0A1-4FD6-8F67-5BE30916AE26}"
EndProject
Global
	GlobalSection(SolutionConfigurationPlatforms) = preSolution
		Debug|Any CPU = Debug|Any CPU
		Release|Any CPU = Release|Any CPU
	EndGlobalSection
	GlobalSection(ProjectConfigurationPlatforms) = postSolution
		{7D119D3D-859D-437B-A834-AA28C63A3026}.Debug|Any CPU.ActiveCfg = Debug|Any CPU
		{7D119D3D-859D-437B-A834-AA28C63A3026}.Debug|Any CPU.Build.0 = Debug|Any CPU
		{7D119D3D-859D-437B-A834-AA28C63A3026}.Release|Any CPU.ActiveCfg = Release|Any CPU
		{7D119D3D-859D-437B-A834-AA28C63A3026}.Release|Any CPU.Build.0 = Release|Any CPU
		{3152C1C6-93E6-4669-B319-2AADC228B739}.Debug|Any CPU.ActiveCfg = Debug|Any CPU
		{3152C1C6-93E6-4669-B319-2AADC228B739}.Debug|Any CPU.Build.0 = Debug|Any CPU
		{3152C1C6-93E6-4669-B319-2AADC228B739}.Release|Any CPU.ActiveCfg = Release|Any CPU
		{3152C1C6-93E6-4669-B319-2AADC228B739}.Release|Any CPU.Build.0 = Release|Any CPU
		{4CE352D2-1E7E-4BD9-9925-2DB21B99CE92}.Debug|Any CPU.ActiveCfg = Debug|Any CPU
		{4CE352D2-1E7E-4BD9-9925-2DB21B99CE92}.Debug|Any CPU.Build.0 = Debug|Any CPU
		{4CE352D2-1E7E-4BD9-9925-2DB21B99CE92}.Release|Any CPU.ActiveCfg = Release|Any CPU
		{4CE352D2-1E7E-4BD9-9925-2DB21B99CE92}.Release|Any CPU.Build.0 = Release|Any CPU
		{FE9F79D3-D368-41E6-BBE3-6892AF2565BC}.Debug|Any CPU.ActiveCfg = Debug|Any CPU
		{FE9F79D3-D368-41E6-BBE3-6892AF2565BC}.Debug|Any CPU.Build.0 = Debug|Any CPU
		{FE9F79D3-D368-41E6-BBE3-6892AF2565BC}.Release|Any CPU.ActiveCfg = Release|Any CPU
		{FE9F79D3-D368-41E6-BBE3-6892AF2565BC}.Release|Any CPU.Build.0 = Release|Any CPU
		{21CFF9D0-C0A1-4FD6-8F67-5BE30916AE26}.Debug|Any CPU.ActiveCfg = Debug|Any CPU
		{21CFF9D0-C0A1-4FD6-8F67-5BE30916AE26}.Debug|Any CPU.Build.0 = Debug|Any CPU
		{21CFF9D0-C0A1-4FD6-8F67-5BE30916AE26}.Release|Any CPU.ActiveCfg = Release|Any CPU
		{21CFF9D0-C0A1-4FD6-8F67-5BE30916AE26}.Release|Any CPU.Build.0 = Release|Any CPU
	EndGlobalSection
EndGlobal
